
Microsoft Visual Studio Solution File, Format Version 12.00
# Visual Studio Version 17
VisualStudioVersion = 17.4.33213.308
MinimumVisualStudioVersion = 10.0.40219.1
Project("{9A19103F-16F7-4668-BE54-9A1E7A4F7556}") = "KampIntro", "KampIntro\KampIntro.csproj", "{5BE1A4D0-960F-4D21-A763-B0386DD6485B}"
EndProject
Project("{9A19103F-16F7-4668-BE54-9A1E7A4F7556}") = "Donguler", "Donguler\Donguler.csproj", "{9F0D85B5-51A5-4E41-9351-8D7C036D2CDE}"
EndProject
Project("{9A19103F-16F7-4668-BE54-9A1E7A4F7556}") = "Class", "Class\Class.csproj", "{3CB20ABA-F9F4-4FED-9CFA-90A38764FE1C}"
EndProject
Project("{9A19103F-16F7-4668-BE54-9A1E7A4F7556}") = "Metotlar", "Metotlar\Metotlar.csproj", "{D075B314-0A3C-4FF0-983C-1BA7F2818689}"
EndProject
Project("{9A19103F-16F7-4668-BE54-9A1E7A4F7556}") = "Matematik", "Matematik\Matematik.csproj", "{1C35FDD4-BE43-4CDE-A947-74F756561A57}"
EndProject
Project("{9A19103F-16F7-4668-BE54-9A1E7A4F7556}") = "DegerVeReferansTipler", "DegerVeReferansTipler\DegerVeReferansTipler.csproj", "{F8B2B0E9-9A8C-47C8-B540-C4E8006FD399}"
EndProject
Project("{FAE04EC0-301F-11D3-BF4B-00C04F79EFBC}") = "OOP1", "OOP1\OOP1.csproj", "{6EF352C5-600D-4993-8C09-847542DE7A52}"
EndProject
Project("{FAE04EC0-301F-11D3-BF4B-00C04F79EFBC}") = "Koleksiyonlar", "Koleksiyonlar\Koleksiyonlar.csproj", "{3C33C8A3-39C0-429D-8565-D231EC3EDF55}"
EndProject
Global
	GlobalSection(SolutionConfigurationPlatforms) = preSolution
		Debug|Any CPU = Debug|Any CPU
		Release|Any CPU = Release|Any CPU
	EndGlobalSection
	GlobalSection(ProjectConfigurationPlatforms) = postSolution
		{5BE1A4D0-960F-4D21-A763-B0386DD6485B}.Debug|Any CPU.ActiveCfg = Debug|Any CPU
		{5BE1A4D0-960F-4D21-A763-B0386DD6485B}.Debug|Any CPU.Build.0 = Debug|Any CPU
		{5BE1A4D0-960F-4D21-A763-B0386DD6485B}.Release|Any CPU.ActiveCfg = Release|Any CPU
		{5BE1A4D0-960F-4D21-A763-B0386DD6485B}.Release|Any CPU.Build.0 = Release|Any CPU
		{9F0D85B5-51A5-4E41-9351-8D7C036D2CDE}.Debug|Any CPU.ActiveCfg = Debug|Any CPU
		{9F0D85B5-51A5-4E41-9351-8D7C036D2CDE}.Debug|Any CPU.Build.0 = Debug|Any CPU
		{9F0D85B5-51A5-4E41-9351-8D7C036D2CDE}.Release|Any CPU.ActiveCfg = Release|Any CPU
		{9F0D85B5-51A5-4E41-9351-8D7C036D2CDE}.Release|Any CPU.Build.0 = Release|Any CPU
		{3CB20ABA-F9F4-4FED-9CFA-90A38764FE1C}.Debug|Any CPU.ActiveCfg = Debug|Any CPU
		{3CB20ABA-F9F4-4FED-9CFA-90A38764FE1C}.Debug|Any CPU.Build.0 = Debug|Any CPU
		{3CB20ABA-F9F4-4FED-9CFA-90A38764FE1C}.Release|Any CPU.ActiveCfg = Release|Any CPU
		{3CB20ABA-F9F4-4FED-9CFA-90A38764FE1C}.Release|Any CPU.Build.0 = Release|Any CPU
		{D075B314-0A3C-4FF0-983C-1BA7F2818689}.Debug|Any CPU.ActiveCfg = Debug|Any CPU
		{D075B314-0A3C-4FF0-983C-1BA7F2818689}.Debug|Any CPU.Build.0 = Debug|Any CPU
		{D075B314-0A3C-4FF0-983C-1BA7F2818689}.Release|Any CPU.ActiveCfg = Release|Any CPU
		{D075B314-0A3C-4FF0-983C-1BA7F2818689}.Release|Any CPU.Build.0 = Release|Any CPU
		{1C35FDD4-BE43-4CDE-A947-74F756561A57}.Debug|Any CPU.ActiveCfg = Debug|Any CPU
		{1C35FDD4-BE43-4CDE-A947-74F756561A57}.Debug|Any CPU.Build.0 = Debug|Any CPU
		{1C35FDD4-BE43-4CDE-A947-74F756561A57}.Release|Any CPU.ActiveCfg = Release|Any CPU
		{1C35FDD4-BE43-4CDE-A947-74F756561A57}.Release|Any CPU.Build.0 = Release|Any CPU
		{F8B2B0E9-9A8C-47C8-B540-C4E8006FD399}.Debug|Any CPU.ActiveCfg = Debug|Any CPU
		{F8B2B0E9-9A8C-47C8-B540-C4E8006FD399}.Debug|Any CPU.Build.0 = Debug|Any CPU
		{F8B2B0E9-9A8C-47C8-B540-C4E8006FD399}.Release|Any CPU.ActiveCfg = Release|Any CPU
		{F8B2B0E9-9A8C-47C8-B540-C4E8006FD399}.Release|Any CPU.Build.0 = Release|Any CPU
		{6EF352C5-600D-4993-8C09-847542DE7A52}.Debug|Any CPU.ActiveCfg = Debug|Any CPU
		{6EF352C5-600D-4993-8C09-847542DE7A52}.Debug|Any CPU.Build.0 = Debug|Any CPU
		{6EF352C5-600D-4993-8C09-847542DE7A52}.Release|Any CPU.ActiveCfg = Release|Any CPU
		{6EF352C5-600D-4993-8C09-847542DE7A52}.Release|Any CPU.Build.0 = Release|Any CPU
		{3C33C8A3-39C0-429D-8565-D231EC3EDF55}.Debug|Any CPU.ActiveCfg = Debug|Any CPU
		{3C33C8A3-39C0-429D-8565-D231EC3EDF55}.Debug|Any CPU.Build.0 = Debug|Any CPU
		{3C33C8A3-39C0-429D-8565-D231EC3EDF55}.Release|Any CPU.ActiveCfg = Release|Any CPU
		{3C33C8A3-39C0-429D-8565-D231EC3EDF55}.Release|Any CPU.Build.0 = Release|Any CPU
	EndGlobalSection
	GlobalSection(SolutionProperties) = preSolution
		HideSolutionNode = FALSE
	EndGlobalSection
	GlobalSection(ExtensibilityGlobals) = postSolution
		SolutionGuid = {489868F1-E3D2-40F1-B5D0-5FA3CAB54922}
	EndGlobalSection
EndGlobal
